<?xml version="1.0" encoding="utf-8"?>
<Project ToolsVersion="4.0" xmlns="http://schemas.microsoft.com/developer/msbuild/2003">
  <ItemGroup>
    <CustomBuild Include="CMakeLists.txt" />
    <CustomBuild Include="CMakeFiles\318f0f6f8f1290068384bbda872fad99\ALL_BUILD.rule">
      <Filter>CMake Rules</Filter>
    </CustomBuild>
  </ItemGroup>
  <ItemGroup>
    <None Include="CMakeFiles\ALL_BUILD" />
  </ItemGroup>
  <ItemGroup>
    <Filter Include="CMake Rules">
      <UniqueIdentifier>{85D7220E-A783-4A4D-B0F6-C411C1ECDA51}</UniqueIdentifier>
    </Filter>
  </ItemGroup>
</Project>
