<?xml version="1.0" encoding="utf-8"?>
<Project ToolsVersion="4.0" xmlns="http://schemas.microsoft.com/developer/msbuild/2003">
  <ItemGroup>
    <ClCompile Include="..\..\imgui\imgui.cpp">
      <Filter>ImGui</Filter>
    </ClCompile>
    <ClCompile Include="..\..\imgui\imgui_draw.cpp">
      <Filter>ImGui</Filter>
    </ClCompile>
    <ClCompile Include="src\userSrc\sketch_UR\sketch_imGui_test.cpp">
      <Filter>ImGui</Filter>
    </ClCompile>
    <ClCompile Include="..\..\imgui\imgui_demo.cpp">
      <Filter>ImGui</Filter>
    </ClCompile>
    <ClCompile Include="src\userSrc\sketch_UR\sketch_imGui_freeGlut.cpp">
      <Filter>ImGui_freeglut</Filter>
    </ClCompile>
    <ClCompile Include="src\userSrc\sketch_UR\sketch_contours.cpp">
      <Filter>PhD_R02</Filter>
    </ClCompile>
    <ClCompile Include="src\userSrc\sketch_UR\sketch_crossSection0.cpp">
      <Filter>PhD_R02</Filter>
    </ClCompile>
    <ClCompile Include="src\userSrc\sketch_UR\sketch_metaMeshTester_graphOffset.cpp">
      <Filter>PhD_R02</Filter>
    </ClCompile>
    <ClCompile Include="src\userSrc\sketch_UR\sketch_populateGraph.cpp">
      <Filter>PhD_R02</Filter>
    </ClCompile>
    <ClCompile Include="src\userSrc\sketch_UR\sketch_printStackGenerator.cpp">
      <Filter>PhD_R02</Filter>
    </ClCompile>
    <ClCompile Include="src\userSrc\sketch_UR\sketch_convexHull_graham.cpp">
      <Filter>PhD_R03</Filter>
    </ClCompile>
    <ClCompile Include="src\userSrc\sketch_UR\sketch_libGizmo_test.cpp">
      <Filter>PhD_R03</Filter>
    </ClCompile>
    <ClCompile Include="src\userSrc\sketch_UR\sketch_picking.cpp">
      <Filter>PhD_R03</Filter>
    </ClCompile>
    <ClCompile Include="src\userSrc\sketch_UR\sketch_rigidCubeSim.cpp">
      <Filter>PhD_R03</Filter>
    </ClCompile>
    <ClCompile Include="src\alglib\optimization.cpp">
      <Filter>algLib</Filter>
    </ClCompile>
    <ClCompile Include="src\alglib\alglibinternal.cpp">
      <Filter>algLib</Filter>
    </ClCompile>
    <ClCompile Include="src\alglib\linalg.cpp">
      <Filter>algLib</Filter>
    </ClCompile>
    <ClCompile Include="src\alglib\alglibmisc.cpp">
      <Filter>algLib</Filter>
    </ClCompile>
    <ClCompile Include="src\alglib\ap.cpp">
      <Filter>algLib</Filter>
    </ClCompile>
    <ClCompile Include="src\alglib\dataanalysis.cpp">
      <Filter>algLib</Filter>
    </ClCompile>
    <ClCompile Include="src\alglib\diffequations.cpp">
      <Filter>algLib</Filter>
    </ClCompile>
    <ClCompile Include="src\alglib\fasttransforms.cpp">
      <Filter>algLib</Filter>
    </ClCompile>
    <ClCompile Include="src\alglib\integration.cpp">
      <Filter>algLib</Filter>
    </ClCompile>
    <ClCompile Include="src\alglib\interpolation.cpp">
      <Filter>algLib</Filter>
    </ClCompile>
    <ClCompile Include="src\alglib\solvers.cpp">
      <Filter>algLib</Filter>
    </ClCompile>
    <ClCompile Include="src\alglib\specialfunctions.cpp">
      <Filter>algLib</Filter>
    </ClCompile>
    <ClCompile Include="src\alglib\statistics.cpp">
      <Filter>algLib</Filter>
    </ClCompile>
    <ClCompile Include="src\userSrc\sketch_UR\sketch_barySubDivide.cpp">
      <Filter>PhD_R04</Filter>
    </ClCompile>
    <ClCompile Include="src\userSrc\sketch_UR\sketch_convexHull_test.cpp">
      <Filter>PhD_R04</Filter>
    </ClCompile>
    <ClCompile Include="src\userSrc\sketch_UR\sketch_rbe_test.cpp">
      <Filter>PhD_R04</Filter>
    </ClCompile>
    <ClCompile Include="src\userSrc\sketch_UR\sketch_algLibtest.cpp">
      <Filter>PhD_R05</Filter>
    </ClCompile>
    <ClCompile Include="src\userSrc\sketch_UR\sketch_lineSegment_intersect.cpp">
      <Filter>PhD_R05</Filter>
    </ClCompile>
    <ClCompile Include="src\userSrc\sketch_UR\sketch_populateGragh_v2.cpp">
      <Filter>PhD_R05</Filter>
    </ClCompile>
    <ClCompile Include="src\userSrc\sketch_UR\sketch_threeRigidCubes.cpp">
      <Filter>PhD_R05</Filter>
    </ClCompile>
    <ClCompile Include="src\userSrc\sketch_UR\sketch_two_rectangles.cpp">
      <Filter>PhD_R05</Filter>
    </ClCompile>
    <ClCompile Include="src\userSrc\sketch_UR\sketch_contours_v2.cpp">
      <Filter>PhD_R06</Filter>
    </ClCompile>
    <ClCompile Include="src\userSrc\sketch_UR\sketch_quickHull.cpp">
      <Filter>TESTS</Filter>
    </ClCompile>
    <ClCompile Include="src\userSrc\sketch_R06\sketch_corep_v1.cpp">
      <Filter>PhD_R06</Filter>
    </ClCompile>
  </ItemGroup>
  <ItemGroup>
    <ClInclude Include="src\userSrc\sketch_UR\imgui_freeglut.h">
      <Filter>ImGui_freeglut</Filter>
    </ClInclude>
    <ClInclude Include="src\userSrc\sketch_UR\ActiveGraph.h">
      <Filter>PhD_R02</Filter>
    </ClInclude>
    <ClInclude Include="src\userSrc\sketch_UR\interpolate.h">
      <Filter>MVP</Filter>
    </ClInclude>
    <ClInclude Include="src\userSrc\sketch_UR\MODEL.h">
      <Filter>MVP</Filter>
    </ClInclude>
    <ClInclude Include="src\userSrc\sketch_UR\object.h">
      <Filter>MVP</Filter>
    </ClInclude>
    <ClInclude Include="src\userSrc\sketch_UR\Controller.h">
      <Filter>MVP</Filter>
    </ClInclude>
    <ClInclude Include="src\userSrc\sketch_UR\utilities.h">
      <Filter>MVP</Filter>
    </ClInclude>
    <ClInclude Include="src\alice\largeMesh.h">
      <Filter>PhD_R02</Filter>
    </ClInclude>
  </ItemGroup>
  <ItemGroup>
    <Filter Include="ImGui">
      <UniqueIdentifier>{9d247f87-2b91-447d-bd6f-39e0c1eaeea2}</UniqueIdentifier>
    </Filter>
    <Filter Include="ImGui_freeglut">
      <UniqueIdentifier>{d1f9da80-4a46-4c47-b5a9-8d437d3e23cc}</UniqueIdentifier>
    </Filter>
    <Filter Include="PhD_R02">
      <UniqueIdentifier>{9cfc3cfe-bee8-43cb-9631-9ef9821d6bf7}</UniqueIdentifier>
    </Filter>
    <Filter Include="PhD_R03">
      <UniqueIdentifier>{27356728-6b20-44bb-9630-523829ab05bb}</UniqueIdentifier>
    </Filter>
    <Filter Include="algLib">
      <UniqueIdentifier>{86505d70-40b7-4f3c-95be-9e8ec63c9a1b}</UniqueIdentifier>
    </Filter>
    <Filter Include="MVP">
      <UniqueIdentifier>{363452be-02d7-4398-854d-90ea253cf8b3}</UniqueIdentifier>
    </Filter>
    <Filter Include="PhD_R04">
      <UniqueIdentifier>{69b194d3-0666-44b5-96b2-b22b8e61dcca}</UniqueIdentifier>
    </Filter>
    <Filter Include="PhD_R05">
      <UniqueIdentifier>{ae4ea988-c2cb-4316-9a2b-c4e2f18c4d15}</UniqueIdentifier>
    </Filter>
    <Filter Include="PhD_R06">
      <UniqueIdentifier>{c21e7698-7e22-4dd8-be6d-6780a67c26ec}</UniqueIdentifier>
    </Filter>
    <Filter Include="TESTS">
      <UniqueIdentifier>{4f63c95e-fc4a-4d9a-a768-3ceaeac8cedc}</UniqueIdentifier>
    </Filter>
  </ItemGroup>
</Project>